
Microsoft Visual Studio Solution File, Format Version 12.00
# Visual Studio Version 17
VisualStudioVersion = 17.9.34728.123
MinimumVisualStudioVersion = 10.0.40219.1
Project("{9A19103F-16F7-4668-BE54-9A1E7A4F7556}") = "Kafka.ConsoleApp.Producer", "Kafka.ConsoleApp.Producer\Kafka.ConsoleApp.Producer.csproj", "{D6090EB3-9FAC-4B1F-931A-6EB3C40E23C6}"
EndProject
Project("{9A19103F-16F7-4668-BE54-9A1E7A4F7556}") = "Kafka.ConsoleApp.Consumer", "Kafka.ConsoleApp.Consumer\Kafka.ConsoleApp.Consumer.csproj", "{555B328E-E04B-40D3-A662-D3A31271DAE2}"
EndProject
Project("{FAE04EC0-301F-11D3-BF4B-00C04F79EFBC}") = "Kafka.WinForms.Client", "Kafka.WinForms.Client\Kafka.WinForms.Client.csproj", "{7BB35CCE-FF58-4402-A3BA-FE920DE778C9}"
EndProject
Global
	GlobalSection(SolutionConfigurationPlatforms) = preSolution
		Debug|Any CPU = Debug|Any CPU
		Release|Any CPU = Release|Any CPU
	EndGlobalSection
	GlobalSection(ProjectConfigurationPlatforms) = postSolution
		{D6090EB3-9FAC-4B1F-931A-6EB3C40E23C6}.Debug|Any CPU.ActiveCfg = Debug|Any CPU
		{D6090EB3-9FAC-4B1F-931A-6EB3C40E23C6}.Debug|Any CPU.Build.0 = Debug|Any CPU
		{D6090EB3-9FAC-4B1F-931A-6EB3C40E23C6}.Release|Any CPU.ActiveCfg = Release|Any CPU
		{D6090EB3-9FAC-4B1F-931A-6EB3C40E23C6}.Release|Any CPU.Build.0 = Release|Any CPU
		{555B328E-E04B-40D3-A662-D3A31271DAE2}.Debug|Any CPU.ActiveCfg = Debug|Any CPU
		{555B328E-E04B-40D3-A662-D3A31271DAE2}.Debug|Any CPU.Build.0 = Debug|Any CPU
		{555B328E-E04B-40D3-A662-D3A31271DAE2}.Release|Any CPU.ActiveCfg = Release|Any CPU
		{555B328E-E04B-40D3-A662-D3A31271DAE2}.Release|Any CPU.Build.0 = Release|Any CPU
		{7BB35CCE-FF58-4402-A3BA-FE920DE778C9}.Debug|Any CPU.ActiveCfg = Debug|Any CPU
		{7BB35CCE-FF58-4402-A3BA-FE920DE778C9}.Debug|Any CPU.Build.0 = Debug|Any CPU
		{7BB35CCE-FF58-4402-A3BA-FE920DE778C9}.Release|Any CPU.ActiveCfg = Release|Any CPU
		{7BB35CCE-FF58-4402-A3BA-FE920DE778C9}.Release|Any CPU.Build.0 = Release|Any CPU
	EndGlobalSection
	GlobalSection(SolutionProperties) = preSolution
		HideSolutionNode = FALSE
	EndGlobalSection
	GlobalSection(ExtensibilityGlobals) = postSolution
		SolutionGuid = {189C4188-58E7-4454-900D-80753A9C37A8}
	EndGlobalSection
EndGlobal
